{
  "name": "tinkerdesk-provider-speech-sherpa",
  "version": "0.1.0",
  "lockfileVersion": 3,
  "requires": true,
  "packages": {
    "": {
      "name": "tinkerdesk-provider-speech-sherpa",
      "version": "0.1.0",
      "dependencies": {
        "node-cpal": "0.1.1",
        "sherpa-onnx-node": "1.13.4"
      }
    },
    "node_modules/node-cpal": {
      "version": "0.1.1",
      "resolved": "https://registry.npmjs.org/node-cpal/-/node-cpal-0.1.1.tgz",
      "integrity": "sha512-ENjac9jLGqp6hb+zn2ioPEhKCN+ctDlP4omP52cNukFrerD2olXUQjfLFoRXeZRVuBrT44chDgcPEpnckQmUVw==",
      "cpu": [
        "x64",
        "arm64"
      ],
      "license": "ISC",
      "os": [
        "darwin",
        "linux",
        "win32"
      ],
      "engines": {
        "node": ">=14.0.0"
      }
    },
    "node_modules/sherpa-onnx-darwin-arm64": {
      "version": "1.13.4",
      "resolved": "https://registry.npmjs.org/sherpa-onnx-darwin-arm64/-/sherpa-onnx-darwin-arm64-1.13.4.tgz",
      "integrity": "sha512-QcYKzyrTzGSx6aKCD6hUODgRS1LetqfG57Z/+i5LCyfMlrgCvDc1lRcl9cdB+TozBsLha9QwLTlI0vmDcf5JKg==",
      "cpu": [
        "arm64"
      ],
      "license": "Apache-2.0",
      "optional": true,
      "os": [
        "darwin"
      ]
    },
    "node_modules/sherpa-onnx-darwin-x64": {
      "version": "1.13.4",
      "resolved": "https://registry.npmjs.org/sherpa-onnx-darwin-x64/-/sherpa-onnx-darwin-x64-1.13.4.tgz",
      "integrity": "sha512-6RGeis9K9gV/UQWOgd6Rf3iqXr2/YsBQswxHaCR4hrYkHfEIpHMfFmRWLt6nJJCOWgYW2xFxEd9yzjrafAV/Pw==",
      "cpu": [
        "x64"
      ],
      "license": "Apache-2.0",
      "optional": true,
      "os": [
        "darwin"
      ]
    },
    "node_modules/sherpa-onnx-linux-arm64": {
      "version": "1.13.4",
      "resolved": "https://registry.npmjs.org/sherpa-onnx-linux-arm64/-/sherpa-onnx-linux-arm64-1.13.4.tgz",
      "integrity": "sha512-RMjMRqT82BgTXypNNGmLe6ZFYhc3WEvnAGl3DdkK7qB/kuXwkL3iHhV31wAecbnWPsnEpUoD+8cFovWSBzsCuw==",
      "cpu": [
        "arm64"
      ],
      "license": "Apache-2.0",
      "optional": true,
      "os": [
        "linux"
      ]
    },
    "node_modules/sherpa-onnx-linux-x64": {
      "version": "1.13.4",
      "resolved": "https://registry.npmjs.org/sherpa-onnx-linux-x64/-/sherpa-onnx-linux-x64-1.13.4.tgz",
      "integrity": "sha512-WZh5NCkGPFHHpYSd78iN4OnmxQeSTGyt9uZskH+im/NFHQ7elQ7B0sLzCMeRpvJxiIKvd9C6WxIJ4hYaxClfsQ==",
      "cpu": [
        "x64"
      ],
      "license": "Apache-2.0",
      "optional": true,
      "os": [
        "linux"
      ]
    },
    "node_modules/sherpa-onnx-node": {
      "version": "1.13.4",
      "resolved": "https://registry.npmjs.org/sherpa-onnx-node/-/sherpa-onnx-node-1.13.4.tgz",
      "integrity": "sha512-jHWWdY9f0dbvJpdsfR/C4WNhM57+jT9Os2RyC4/qUz8HKCtj2VYFmJ9s7tue9OCFRAmdoGBkgkqD6aBZ3I8BKw==",
      "license": "Apache-2.0",
      "optionalDependencies": {
        "sherpa-onnx-darwin-arm64": "^1.13.4",
        "sherpa-onnx-darwin-x64": "^1.13.4",
        "sherpa-onnx-linux-arm64": "^1.13.4",
        "sherpa-onnx-linux-x64": "^1.13.4",
        "sherpa-onnx-win-ia32": "^1.13.4",
        "sherpa-onnx-win-x64": "^1.13.4"
      }
    },
    "node_modules/sherpa-onnx-win-ia32": {
      "version": "1.13.4",
      "resolved": "https://registry.npmjs.org/sherpa-onnx-win-ia32/-/sherpa-onnx-win-ia32-1.13.4.tgz",
      "integrity": "sha512-/JbPjldrfNv+t+uIS3MlkuhfIf5l3FHUGkRC2oRXgjRqOaVmEyP3vLlQ7dTa4J7raG5oB8c3GoPjuSWSqT9GOQ==",
      "cpu": [
        "ia32"
      ],
      "license": "Apache-2.0",
      "optional": true,
      "os": [
        "win32"
      ]
    },
    "node_modules/sherpa-onnx-win-x64": {
      "version": "1.13.4",
      "resolved": "https://registry.npmjs.org/sherpa-onnx-win-x64/-/sherpa-onnx-win-x64-1.13.4.tgz",
      "integrity": "sha512-R0PWby1VxC14TDZPq7GcfSyXSY6SAFO8Y4JwdCdqouFmeXkZ1L7Is9m98C9KxQ0dN7ZtDzhAmE/43FUs/elXRQ==",
      "cpu": [
        "x64"
      ],
      "license": "Apache-2.0",
      "optional": true,
      "os": [
        "win32"
      ]
    }
  }
}
